
Microsoft Visual Studio Solution File, Format Version 12.00
# Visual Studio Version 17
VisualStudioVersion = 17.0.31717.71
MinimumVisualStudioVersion = 10.0.40219.1
Project("{FAE04EC0-301F-11D3-BF4B-00C04F79EFBC}") = "Opdracht3", "Opdracht3\Opdracht3.csproj", "{414C22D6-EA0B-4508-AE2E-8AE5233382B8}"
EndProject
Global
	GlobalSection(SolutionConfigurationPlatforms) = preSolution
		Debug|Any CPU = Debug|Any CPU
		Release|Any CPU = Release|Any CPU
	EndGlobalSection
	GlobalSection(ProjectConfigurationPlatforms) = postSolution
		{414C22D6-EA0B-4508-AE2E-8AE5233382B8}.Debug|Any CPU.ActiveCfg = Debug|Any CPU
		{414C22D6-EA0B-4508-AE2E-8AE5233382B8}.Debug|Any CPU.Build.0 = Debug|Any CPU
		{414C22D6-EA0B-4508-AE2E-8AE5233382B8}.Release|Any CPU.ActiveCfg = Release|Any CPU
		{414C22D6-EA0B-4508-AE2E-8AE5233382B8}.Release|Any CPU.Build.0 = Release|Any CPU
	EndGlobalSection
	GlobalSection(SolutionProperties) = preSolution
		HideSolutionNode = FALSE
	EndGlobalSection
	GlobalSection(ExtensibilityGlobals) = postSolution
		SolutionGuid = {A2D246AA-F8D6-427F-9917-6CF3AC213672}
	EndGlobalSection
EndGlobal
